{
  "originHash" : "b5ff7215d12757ff37a2dca92d2059a087a2773109d7de182f26ae31e0944bf9",
  "pins" : [
    {
      "identity" : "alerttoast",
      "kind" : "remoteSourceControl",
      "location" : "https://github.com/elai950/AlertToast",
      "state" : {
        "revision" : "b39252eacd159904afd7d718bba0afabb87f2f2f",
        "version" : "1.3.9"
      }
    },
    {
      "identity" : "pensa-ios-sdk",
      "kind" : "remoteSourceControl",
      "location" : "https://github.com/Pensasystems/pensa-ios-sdk",
      "state" : {
        "revision" : "0d802eea1dd17219b1034aa442ff950f852de9fb"
      }
    }
  ],
  "version" : 3
}
