{
  "originHash" : "f42ce9c9bc307959a8edde1b09f4196f9e8d12449fcb5acc49ab89df92b5bde7",
  "pins" : [
    {
      "identity" : "alerttoast",
      "kind" : "remoteSourceControl",
      "location" : "https://github.com/elai950/AlertToast",
      "state" : {
        "revision" : "b39252eacd159904afd7d718bba0afabb87f2f2f",
        "version" : "1.3.9"
      }
    },
    {
      "identity" : "pensa-ios-sdk",
      "kind" : "remoteSourceControl",
      "location" : "https://github.com/Pensasystems/pensa-ios-sdk",
      "state" : {
        "revision" : "58a28ea459ee3f5821ef99174c18434c8c5d8a97",
        "version" : "1.0.1"
      }
    }
  ],
  "version" : 3
}
